
Microsoft Visual Studio Solution File, Format Version 12.00
# Visual Studio Version 16
VisualStudioVersion = 16.0.32802.440
MinimumVisualStudioVersion = 10.0.40219.1
Project("{FAE04EC0-301F-11D3-BF4B-00C04F79EFBC}") = "Name_List", "Name_List.csproj", "{72672A4A-AD8C-4A92-A91A-9DD6DF440889}"
EndProject
Global
	GlobalSection(SolutionConfigurationPlatforms) = preSolution
		Debug|Any CPU = Debug|Any CPU
		Release|Any CPU = Release|Any CPU
	EndGlobalSection
	GlobalSection(ProjectConfigurationPlatforms) = postSolution
		{72672A4A-AD8C-4A92-A91A-9DD6DF440889}.Debug|Any CPU.ActiveCfg = Debug|Any CPU
		{72672A4A-AD8C-4A92-A91A-9DD6DF440889}.Debug|Any CPU.Build.0 = Debug|Any CPU
		{72672A4A-AD8C-4A92-A91A-9DD6DF440889}.Release|Any CPU.ActiveCfg = Release|Any CPU
		{72672A4A-AD8C-4A92-A91A-9DD6DF440889}.Release|Any CPU.Build.0 = Release|Any CPU
	EndGlobalSection
	GlobalSection(SolutionProperties) = preSolution
		HideSolutionNode = FALSE
	EndGlobalSection
	GlobalSection(ExtensibilityGlobals) = postSolution
		SolutionGuid = {8F1E12F7-7373-41D9-B2AC-7BBC0F5BABB5}
	EndGlobalSection
EndGlobal
