
Microsoft Visual Studio Solution File, Format Version 12.00
# Visual Studio Version 16
VisualStudioVersion = 16.0.32802.440
MinimumVisualStudioVersion = 10.0.40219.1
Project("{9A19103F-16F7-4668-BE54-9A1E7A4F7556}") = "UserManagement", "UserManagement.csproj", "{204F6D6A-E955-436D-BE39-D5F88C26F3EE}"
EndProject
Global
	GlobalSection(SolutionConfigurationPlatforms) = preSolution
		Debug|Any CPU = Debug|Any CPU
		Release|Any CPU = Release|Any CPU
	EndGlobalSection
	GlobalSection(ProjectConfigurationPlatforms) = postSolution
		{204F6D6A-E955-436D-BE39-D5F88C26F3EE}.Debug|Any CPU.ActiveCfg = Debug|Any CPU
		{204F6D6A-E955-436D-BE39-D5F88C26F3EE}.Debug|Any CPU.Build.0 = Debug|Any CPU
		{204F6D6A-E955-436D-BE39-D5F88C26F3EE}.Release|Any CPU.ActiveCfg = Release|Any CPU
		{204F6D6A-E955-436D-BE39-D5F88C26F3EE}.Release|Any CPU.Build.0 = Release|Any CPU
	EndGlobalSection
	GlobalSection(SolutionProperties) = preSolution
		HideSolutionNode = FALSE
	EndGlobalSection
	GlobalSection(ExtensibilityGlobals) = postSolution
		SolutionGuid = {8F1E12F7-7373-41D9-B2AC-7BBC0F5BABB5}
	EndGlobalSection
EndGlobal
